# THIS IS AN AUTOGENERATED FILE. DO NOT EDIT THIS FILE DIRECTLY.
# yarn lockfile v1


babylon@^6.15.0:
  version "6.18.0"
  resolved "https://registry.yarnpkg.com/babylon/-/babylon-6.18.0.tgz#af2f3b88fa6f5c1e4c634d1a0f8eac4f55b395e3"

flow-bin@^0.62.0:
  version "0.62.0"
  resolved "https://registry.yarnpkg.com/flow-bin/-/flow-bin-0.62.0.tgz#14bca669a6e3f95c0bc0c2d1eb55ec4e98cb1d83"

flow-remove-types@^1.2.3:
  version "1.2.3"
  resolved "https://registry.yarnpkg.com/flow-remove-types/-/flow-remove-types-1.2.3.tgz#6131aefc7da43364bb8b479758c9dec7735d1a18"
  dependencies:
    babylon "^6.15.0"
    vlq "^0.2.1"

prettier@^1.9.2:
  version "1.9.2"
  resolved "https://registry.yarnpkg.com/prettier/-/prettier-1.9.2.tgz#96bc2132f7a32338e6078aeb29727178c6335827"

vlq@^0.2.1:
  version "0.2.3"
  resolved "https://registry.yarnpkg.com/vlq/-/vlq-0.2.3.tgz#8f3e4328cf63b1540c0d67e1b2778386f8975b26"
